
Microsoft Visual Studio Solution File, Format Version 12.00
# Visual Studio Version 17
VisualStudioVersion = 17.5.33424.131
MinimumVisualStudioVersion = 10.0.40219.1
Project("{FAE04EC0-301F-11D3-BF4B-00C04F79EFBC}") = "ConsoleApp2", "ConsoleApp2\ConsoleApp2.csproj", "{ECD815FD-3DD0-42D1-BDD9-ED239BDE30E4}"
EndProject
Global
	GlobalSection(SolutionConfigurationPlatforms) = preSolution
		Debug|Any CPU = Debug|Any CPU
		Release|Any CPU = Release|Any CPU
	EndGlobalSection
	GlobalSection(ProjectConfigurationPlatforms) = postSolution
		{ECD815FD-3DD0-42D1-BDD9-ED239BDE30E4}.Debug|Any CPU.ActiveCfg = Debug|Any CPU
		{ECD815FD-3DD0-42D1-BDD9-ED239BDE30E4}.Debug|Any CPU.Build.0 = Debug|Any CPU
		{ECD815FD-3DD0-42D1-BDD9-ED239BDE30E4}.Release|Any CPU.ActiveCfg = Release|Any CPU
		{ECD815FD-3DD0-42D1-BDD9-ED239BDE30E4}.Release|Any CPU.Build.0 = Release|Any CPU
	EndGlobalSection
	GlobalSection(SolutionProperties) = preSolution
		HideSolutionNode = FALSE
	EndGlobalSection
	GlobalSection(ExtensibilityGlobals) = postSolution
		SolutionGuid = {745BA320-7D5D-4F08-8179-074E3180C6E6}
	EndGlobalSection
EndGlobal
