
Microsoft Visual Studio Solution File, Format Version 12.00
# Visual Studio Version 17
VisualStudioVersion = 17.5.33424.131
MinimumVisualStudioVersion = 10.0.40219.1
Project("{FAE04EC0-301F-11D3-BF4B-00C04F79EFBC}") = "ConsoleApp3", "ConsoleApp3.csproj", "{C58C1341-760C-4581-B971-1226AAE9B3AF}"
EndProject
Global
	GlobalSection(SolutionConfigurationPlatforms) = preSolution
		Debug|Any CPU = Debug|Any CPU
		Release|Any CPU = Release|Any CPU
	EndGlobalSection
	GlobalSection(ProjectConfigurationPlatforms) = postSolution
		{C58C1341-760C-4581-B971-1226AAE9B3AF}.Debug|Any CPU.ActiveCfg = Debug|Any CPU
		{C58C1341-760C-4581-B971-1226AAE9B3AF}.Debug|Any CPU.Build.0 = Debug|Any CPU
		{C58C1341-760C-4581-B971-1226AAE9B3AF}.Release|Any CPU.ActiveCfg = Release|Any CPU
		{C58C1341-760C-4581-B971-1226AAE9B3AF}.Release|Any CPU.Build.0 = Release|Any CPU
	EndGlobalSection
	GlobalSection(SolutionProperties) = preSolution
		HideSolutionNode = FALSE
	EndGlobalSection
	GlobalSection(ExtensibilityGlobals) = postSolution
		SolutionGuid = {4E625BB0-BEB6-479B-94AA-853844611382}
	EndGlobalSection
EndGlobal
