
Microsoft Visual Studio Solution File, Format Version 12.00
# Visual Studio Version 17
VisualStudioVersion = 17.5.33424.131
MinimumVisualStudioVersion = 10.0.40219.1
Project("{FAE04EC0-301F-11D3-BF4B-00C04F79EFBC}") = "Gradska turgoviq", "Gradska turgoviq.csproj", "{7A211B6B-0BF7-4681-A145-4FFDD25A1738}"
EndProject
Global
	GlobalSection(SolutionConfigurationPlatforms) = preSolution
		Debug|Any CPU = Debug|Any CPU
		Release|Any CPU = Release|Any CPU
	EndGlobalSection
	GlobalSection(ProjectConfigurationPlatforms) = postSolution
		{7A211B6B-0BF7-4681-A145-4FFDD25A1738}.Debug|Any CPU.ActiveCfg = Debug|Any CPU
		{7A211B6B-0BF7-4681-A145-4FFDD25A1738}.Debug|Any CPU.Build.0 = Debug|Any CPU
		{7A211B6B-0BF7-4681-A145-4FFDD25A1738}.Release|Any CPU.ActiveCfg = Release|Any CPU
		{7A211B6B-0BF7-4681-A145-4FFDD25A1738}.Release|Any CPU.Build.0 = Release|Any CPU
	EndGlobalSection
	GlobalSection(SolutionProperties) = preSolution
		HideSolutionNode = FALSE
	EndGlobalSection
	GlobalSection(ExtensibilityGlobals) = postSolution
		SolutionGuid = {074D4C1E-A41E-4DC7-8275-C9272E756AB7}
	EndGlobalSection
EndGlobal
